
Microsoft Visual Studio Solution File, Format Version 12.00
# Visual Studio Version 17
VisualStudioVersion = 17.2.32616.157
MinimumVisualStudioVersion = 10.0.40219.1
Project("{8BC9CEB8-8B4A-11D0-8D11-00A0C91BC942}") = "ReShade", "ReShade.vcxproj", "{0401ADF5-D085-4A3D-95B2-D9B7896BB338}"
	ProjectSection(ProjectDependencies) = postProject
		{09C0D610-9B82-40D8-B37E-0D26E3BFF77F} = {09C0D610-9B82-40D8-B37E-0D26E3BFF77F}
		{1C0381AE-F263-4412-A92C-34A244B05D12} = {1C0381AE-F263-4412-A92C-34A244B05D12}
		{723BDEF8-4A39-4961-BDAB-54074012FF47} = {723BDEF8-4A39-4961-BDAB-54074012FF47}
		{783FEDFB-5124-4F8C-87BC-70AA8490266B} = {783FEDFB-5124-4F8C-87BC-70AA8490266B}
		{9A62233B-0B70-4B48-91E8-35AA666BC32E} = {9A62233B-0B70-4B48-91E8-35AA666BC32E}
		{D1C2099B-BEC7-4993-8947-01D4A1F7EAE2} = {D1C2099B-BEC7-4993-8947-01D4A1F7EAE2}
	EndProjectSection
EndProject
Project("{8BC9CEB8-8B4A-11D0-8D11-00A0C91BC942}") = "ReShade FX", "ReShadeFX.vcxproj", "{D1C2099B-BEC7-4993-8947-01D4A1F7EAE2}"
EndProject
Project("{FAE04EC0-301F-11D3-BF4B-00C04F79EFBC}") = "ReShade Setup", "setup\ReShade Setup.csproj", "{3B7009FA-0B09-4F27-8126-0885E66A5679}"
EndProject
Project("{2150E333-8FDC-42A3-9474-1A3956D46DE8}") = "deps", "deps", "{11B78243-91C3-4357-9FDD-4EAFBF4EE52B}"
EndProject
Project("{8BC9CEB8-8B4A-11D0-8D11-00A0C91BC942}") = "fpng", "deps\fpng.vcxproj", "{79F676AF-1A25-49BB-9549-E533D162FB0A}"
EndProject
Project("{8BC9CEB8-8B4A-11D0-8D11-00A0C91BC942}") = "gl3w", "deps\gl3w.vcxproj", "{09C0D610-9B82-40D8-B37E-0D26E3BFF77F}"
EndProject
Project("{8BC9CEB8-8B4A-11D0-8D11-00A0C91BC942}") = "ImGui", "deps\ImGui.vcxproj", "{9A62233B-0B70-4B48-91E8-35AA666BC32E}"
EndProject
Project("{8BC9CEB8-8B4A-11D0-8D11-00A0C91BC942}") = "MinHook", "deps\MinHook.vcxproj", "{783FEDFB-5124-4F8C-87BC-70AA8490266B}"
EndProject
Project("{8BC9CEB8-8B4A-11D0-8D11-00A0C91BC942}") = "stb", "deps\stb.vcxproj", "{723BDEF8-4A39-4961-BDAB-54074012FF47}"
EndProject
Project("{2150E333-8FDC-42A3-9474-1A3956D46DE8}") = "tools", "tools", "{EDA44797-8501-4D24-BF3F-CCE904412ED7}"
EndProject
Project("{8BC9CEB8-8B4A-11D0-8D11-00A0C91BC942}") = "FXC", "ReShadeFXC.vcxproj", "{65640687-0740-4681-B018-17DBF33E061C}"
EndProject
Project("{8BC9CEB8-8B4A-11D0-8D11-00A0C91BC942}") = "Injector", "ReShadeInject.vcxproj", "{D388A856-4100-49AB-8FAF-62D63F8AC155}"
EndProject
Project("{8BC9CEB8-8B4A-11D0-8D11-00A0C91BC942}") = "vugger", "..\vugger\vugger.vcxproj", "{1C0381AE-F263-4412-A92C-34A244B05D12}"
EndProject
Global
	GlobalSection(SolutionConfigurationPlatforms) = preSolution
		Debug App|32-bit = Debug App|32-bit
		Debug App|64-bit = Debug App|64-bit
		Debug App|x64 = Debug App|x64
		Debug App|x86 = Debug App|x86
		Debug Setup|32-bit = Debug Setup|32-bit
		Debug Setup|64-bit = Debug Setup|64-bit
		Debug Setup|x64 = Debug Setup|x64
		Debug Setup|x86 = Debug Setup|x86
		Debug|32-bit = Debug|32-bit
		Debug|64-bit = Debug|64-bit
		Debug|x64 = Debug|x64
		Debug|x86 = Debug|x86
		Development|32-bit = Development|32-bit
		Development|64-bit = Development|64-bit
		Development|x64 = Development|x64
		Development|x86 = Development|x86
		Release Setup|32-bit = Release Setup|32-bit
		Release Setup|64-bit = Release Setup|64-bit
		Release Setup|x64 = Release Setup|x64
		Release Setup|x86 = Release Setup|x86
		Release|32-bit = Release|32-bit
		Release|64-bit = Release|64-bit
		Release|x64 = Release|x64
		Release|x86 = Release|x86
	EndGlobalSection
	GlobalSection(ProjectConfigurationPlatforms) = postSolution
		{0401ADF5-D085-4A3D-95B2-D9B7896BB338}.Debug App|32-bit.ActiveCfg = Debug App|Win32
		{0401ADF5-D085-4A3D-95B2-D9B7896BB338}.Debug App|32-bit.Build.0 = Debug App|Win32
		{0401ADF5-D085-4A3D-95B2-D9B7896BB338}.Debug App|64-bit.ActiveCfg = Debug App|x64
		{0401ADF5-D085-4A3D-95B2-D9B7896BB338}.Debug App|64-bit.Build.0 = Debug App|x64
		{0401ADF5-D085-4A3D-95B2-D9B7896BB338}.Debug App|x64.ActiveCfg = Debug App|x64
		{0401ADF5-D085-4A3D-95B2-D9B7896BB338}.Debug App|x64.Build.0 = Debug App|x64
		{0401ADF5-D085-4A3D-95B2-D9B7896BB338}.Debug App|x86.ActiveCfg = Debug App|Win32
		{0401ADF5-D085-4A3D-95B2-D9B7896BB338}.Debug App|x86.Build.0 = Debug App|Win32
		{0401ADF5-D085-4A3D-95B2-D9B7896BB338}.Debug Setup|32-bit.ActiveCfg = Debug|Win32
		{0401ADF5-D085-4A3D-95B2-D9B7896BB338}.Debug Setup|64-bit.ActiveCfg = Debug|x64
		{0401ADF5-D085-4A3D-95B2-D9B7896BB338}.Debug Setup|x64.ActiveCfg = Debug App|x64
		{0401ADF5-D085-4A3D-95B2-D9B7896BB338}.Debug Setup|x64.Build.0 = Debug App|x64
		{0401ADF5-D085-4A3D-95B2-D9B7896BB338}.Debug Setup|x86.ActiveCfg = Debug App|Win32
		{0401ADF5-D085-4A3D-95B2-D9B7896BB338}.Debug Setup|x86.Build.0 = Debug App|Win32
		{0401ADF5-D085-4A3D-95B2-D9B7896BB338}.Debug|32-bit.ActiveCfg = Debug|Win32
		{0401ADF5-D085-4A3D-95B2-D9B7896BB338}.Debug|32-bit.Build.0 = Debug|Win32
		{0401ADF5-D085-4A3D-95B2-D9B7896BB338}.Debug|64-bit.ActiveCfg = Debug|x64
		{0401ADF5-D085-4A3D-95B2-D9B7896BB338}.Debug|64-bit.Build.0 = Debug|x64
		{0401ADF5-D085-4A3D-95B2-D9B7896BB338}.Debug|x64.ActiveCfg = Debug|x64
		{0401ADF5-D085-4A3D-95B2-D9B7896BB338}.Debug|x64.Build.0 = Debug|x64
		{0401ADF5-D085-4A3D-95B2-D9B7896BB338}.Debug|x86.ActiveCfg = Debug|Win32
		{0401ADF5-D085-4A3D-95B2-D9B7896BB338}.Debug|x86.Build.0 = Debug|Win32
		{0401ADF5-D085-4A3D-95B2-D9B7896BB338}.Development|32-bit.ActiveCfg = Debug App|x64
		{0401ADF5-D085-4A3D-95B2-D9B7896BB338}.Development|32-bit.Build.0 = Debug App|x64
		{0401ADF5-D085-4A3D-95B2-D9B7896BB338}.Development|64-bit.ActiveCfg = Debug App|x64
		{0401ADF5-D085-4A3D-95B2-D9B7896BB338}.Development|64-bit.Build.0 = Debug App|x64
		{0401ADF5-D085-4A3D-95B2-D9B7896BB338}.Development|x64.ActiveCfg = Debug App|x64
		{0401ADF5-D085-4A3D-95B2-D9B7896BB338}.Development|x64.Build.0 = Debug App|x64
		{0401ADF5-D085-4A3D-95B2-D9B7896BB338}.Development|x86.ActiveCfg = Debug App|Win32
		{0401ADF5-D085-4A3D-95B2-D9B7896BB338}.Development|x86.Build.0 = Debug App|Win32
		{0401ADF5-D085-4A3D-95B2-D9B7896BB338}.Release Setup|32-bit.ActiveCfg = Release|Win32
		{0401ADF5-D085-4A3D-95B2-D9B7896BB338}.Release Setup|64-bit.ActiveCfg = Release|x64
		{0401ADF5-D085-4A3D-95B2-D9B7896BB338}.Release Setup|x64.ActiveCfg = Release Signed|x64
		{0401ADF5-D085-4A3D-95B2-D9B7896BB338}.Release Setup|x64.Build.0 = Release Signed|x64
		{0401ADF5-D085-4A3D-95B2-D9B7896BB338}.Release Setup|x86.ActiveCfg = Release Signed|Win32
		{0401ADF5-D085-4A3D-95B2-D9B7896BB338}.Release Setup|x86.Build.0 = Release Signed|Win32
		{0401ADF5-D085-4A3D-95B2-D9B7896BB338}.Release|32-bit.ActiveCfg = Release|Win32
		{0401ADF5-D085-4A3D-95B2-D9B7896BB338}.Release|32-bit.Build.0 = Release|Win32
		{0401ADF5-D085-4A3D-95B2-D9B7896BB338}.Release|64-bit.ActiveCfg = Release|x64
		{0401ADF5-D085-4A3D-95B2-D9B7896BB338}.Release|64-bit.Build.0 = Release|x64
		{0401ADF5-D085-4A3D-95B2-D9B7896BB338}.Release|x64.ActiveCfg = Release|x64
		{0401ADF5-D085-4A3D-95B2-D9B7896BB338}.Release|x64.Build.0 = Release|x64
		{0401ADF5-D085-4A3D-95B2-D9B7896BB338}.Release|x86.ActiveCfg = Release|Win32
		{0401ADF5-D085-4A3D-95B2-D9B7896BB338}.Release|x86.Build.0 = Release|Win32
		{D1C2099B-BEC7-4993-8947-01D4A1F7EAE2}.Debug App|32-bit.ActiveCfg = Debug|Win32
		{D1C2099B-BEC7-4993-8947-01D4A1F7EAE2}.Debug App|32-bit.Build.0 = Debug|Win32
		{D1C2099B-BEC7-4993-8947-01D4A1F7EAE2}.Debug App|64-bit.ActiveCfg = Debug|x64
		{D1C2099B-BEC7-4993-8947-01D4A1F7EAE2}.Debug App|64-bit.Build.0 = Debug|x64
		{D1C2099B-BEC7-4993-8947-01D4A1F7EAE2}.Debug App|x64.ActiveCfg = Debug|x64
		{D1C2099B-BEC7-4993-8947-01D4A1F7EAE2}.Debug App|x64.Build.0 = Debug|x64
		{D1C2099B-BEC7-4993-8947-01D4A1F7EAE2}.Debug App|x86.ActiveCfg = Debug|Win32
		{D1C2099B-BEC7-4993-8947-01D4A1F7EAE2}.Debug App|x86.Build.0 = Debug|Win32
		{D1C2099B-BEC7-4993-8947-01D4A1F7EAE2}.Debug Setup|32-bit.ActiveCfg = Debug|Win32
		{D1C2099B-BEC7-4993-8947-01D4A1F7EAE2}.Debug Setup|64-bit.ActiveCfg = Debug|x64
		{D1C2099B-BEC7-4993-8947-01D4A1F7EAE2}.Debug Setup|x64.ActiveCfg = Debug|x64
		{D1C2099B-BEC7-4993-8947-01D4A1F7EAE2}.Debug Setup|x64.Build.0 = Debug|x64
		{D1C2099B-BEC7-4993-8947-01D4A1F7EAE2}.Debug Setup|x86.ActiveCfg = Debug|Win32
		{D1C2099B-BEC7-4993-8947-01D4A1F7EAE2}.Debug Setup|x86.Build.0 = Debug|Win32
		{D1C2099B-BEC7-4993-8947-01D4A1F7EAE2}.Debug|32-bit.ActiveCfg = Debug|Win32
		{D1C2099B-BEC7-4993-8947-01D4A1F7EAE2}.Debug|32-bit.Build.0 = Debug|Win32
		{D1C2099B-BEC7-4993-8947-01D4A1F7EAE2}.Debug|64-bit.ActiveCfg = Debug|x64
		{D1C2099B-BEC7-4993-8947-01D4A1F7EAE2}.Debug|64-bit.Build.0 = Debug|x64
		{D1C2099B-BEC7-4993-8947-01D4A1F7EAE2}.Debug|x64.ActiveCfg = Debug|x64
		{D1C2099B-BEC7-4993-8947-01D4A1F7EAE2}.Debug|x64.Build.0 = Debug|x64
		{D1C2099B-BEC7-4993-8947-01D4A1F7EAE2}.Debug|x86.ActiveCfg = Debug|Win32
		{D1C2099B-BEC7-4993-8947-01D4A1F7EAE2}.Debug|x86.Build.0 = Debug|Win32
		{D1C2099B-BEC7-4993-8947-01D4A1F7EAE2}.Development|32-bit.ActiveCfg = Debug|x64
		{D1C2099B-BEC7-4993-8947-01D4A1F7EAE2}.Development|32-bit.Build.0 = Debug|x64
		{D1C2099B-BEC7-4993-8947-01D4A1F7EAE2}.Development|64-bit.ActiveCfg = Debug|x64
		{D1C2099B-BEC7-4993-8947-01D4A1F7EAE2}.Development|64-bit.Build.0 = Debug|x64
		{D1C2099B-BEC7-4993-8947-01D4A1F7EAE2}.Development|x64.ActiveCfg = Debug|x64
		{D1C2099B-BEC7-4993-8947-01D4A1F7EAE2}.Development|x64.Build.0 = Debug|x64
		{D1C2099B-BEC7-4993-8947-01D4A1F7EAE2}.Development|x86.ActiveCfg = Debug|Win32
		{D1C2099B-BEC7-4993-8947-01D4A1F7EAE2}.Development|x86.Build.0 = Debug|Win32
		{D1C2099B-BEC7-4993-8947-01D4A1F7EAE2}.Release Setup|32-bit.ActiveCfg = Release|Win32
		{D1C2099B-BEC7-4993-8947-01D4A1F7EAE2}.Release Setup|64-bit.ActiveCfg = Release|x64
		{D1C2099B-BEC7-4993-8947-01D4A1F7EAE2}.Release Setup|x64.ActiveCfg = Release|x64
		{D1C2099B-BEC7-4993-8947-01D4A1F7EAE2}.Release Setup|x64.Build.0 = Release|x64
		{D1C2099B-BEC7-4993-8947-01D4A1F7EAE2}.Release Setup|x86.ActiveCfg = Release|Win32
		{D1C2099B-BEC7-4993-8947-01D4A1F7EAE2}.Release Setup|x86.Build.0 = Release|Win32
		{D1C2099B-BEC7-4993-8947-01D4A1F7EAE2}.Release|32-bit.ActiveCfg = Release|Win32
		{D1C2099B-BEC7-4993-8947-01D4A1F7EAE2}.Release|32-bit.Build.0 = Release|Win32
		{D1C2099B-BEC7-4993-8947-01D4A1F7EAE2}.Release|64-bit.ActiveCfg = Release|x64
		{D1C2099B-BEC7-4993-8947-01D4A1F7EAE2}.Release|64-bit.Build.0 = Release|x64
		{D1C2099B-BEC7-4993-8947-01D4A1F7EAE2}.Release|x64.ActiveCfg = Release|x64
		{D1C2099B-BEC7-4993-8947-01D4A1F7EAE2}.Release|x64.Build.0 = Release|x64
		{D1C2099B-BEC7-4993-8947-01D4A1F7EAE2}.Release|x86.ActiveCfg = Release|Win32
		{D1C2099B-BEC7-4993-8947-01D4A1F7EAE2}.Release|x86.Build.0 = Release|Win32
		{3B7009FA-0B09-4F27-8126-0885E66A5679}.Debug App|32-bit.ActiveCfg = Debug|Any CPU
		{3B7009FA-0B09-4F27-8126-0885E66A5679}.Debug App|64-bit.ActiveCfg = Debug|Any CPU
		{3B7009FA-0B09-4F27-8126-0885E66A5679}.Debug App|x64.ActiveCfg = Debug|Any CPU
		{3B7009FA-0B09-4F27-8126-0885E66A5679}.Debug App|x64.Build.0 = Debug|Any CPU
		{3B7009FA-0B09-4F27-8126-0885E66A5679}.Debug App|x86.ActiveCfg = Debug|Any CPU
		{3B7009FA-0B09-4F27-8126-0885E66A5679}.Debug App|x86.Build.0 = Debug|Any CPU
		{3B7009FA-0B09-4F27-8126-0885E66A5679}.Debug Setup|32-bit.ActiveCfg = Debug|Any CPU
		{3B7009FA-0B09-4F27-8126-0885E66A5679}.Debug Setup|32-bit.Build.0 = Debug|Any CPU
		{3B7009FA-0B09-4F27-8126-0885E66A5679}.Debug Setup|64-bit.ActiveCfg = Debug|Any CPU
		{3B7009FA-0B09-4F27-8126-0885E66A5679}.Debug Setup|64-bit.Build.0 = Debug|Any CPU
		{3B7009FA-0B09-4F27-8126-0885E66A5679}.Debug Setup|x64.ActiveCfg = Debug|Any CPU
		{3B7009FA-0B09-4F27-8126-0885E66A5679}.Debug Setup|x64.Build.0 = Debug|Any CPU
		{3B7009FA-0B09-4F27-8126-0885E66A5679}.Debug Setup|x86.ActiveCfg = Debug|Any CPU
		{3B7009FA-0B09-4F27-8126-0885E66A5679}.Debug Setup|x86.Build.0 = Debug|Any CPU
		{3B7009FA-0B09-4F27-8126-0885E66A5679}.Debug|32-bit.ActiveCfg = Debug|Any CPU
		{3B7009FA-0B09-4F27-8126-0885E66A5679}.Debug|64-bit.ActiveCfg = Debug|Any CPU
		{3B7009FA-0B09-4F27-8126-0885E66A5679}.Debug|x64.ActiveCfg = Debug|Any CPU
		{3B7009FA-0B09-4F27-8126-0885E66A5679}.Debug|x64.Build.0 = Debug|Any CPU
		{3B7009FA-0B09-4F27-8126-0885E66A5679}.Debug|x86.ActiveCfg = Debug|Any CPU
		{3B7009FA-0B09-4F27-8126-0885E66A5679}.Debug|x86.Build.0 = Debug|Any CPU
		{3B7009FA-0B09-4F27-8126-0885E66A5679}.Development|32-bit.ActiveCfg = Debug|Any CPU
		{3B7009FA-0B09-4F27-8126-0885E66A5679}.Development|32-bit.Build.0 = Debug|Any CPU
		{3B7009FA-0B09-4F27-8126-0885E66A5679}.Development|64-bit.ActiveCfg = Debug|Any CPU
		{3B7009FA-0B09-4F27-8126-0885E66A5679}.Development|64-bit.Build.0 = Debug|Any CPU
		{3B7009FA-0B09-4F27-8126-0885E66A5679}.Development|x64.ActiveCfg = Debug|x64
		{3B7009FA-0B09-4F27-8126-0885E66A5679}.Development|x64.Build.0 = Debug|x64
		{3B7009FA-0B09-4F27-8126-0885E66A5679}.Development|x86.ActiveCfg = Debug|Any CPU
		{3B7009FA-0B09-4F27-8126-0885E66A5679}.Development|x86.Build.0 = Debug|Any CPU
		{3B7009FA-0B09-4F27-8126-0885E66A5679}.Release Setup|32-bit.ActiveCfg = Release|Any CPU
		{3B7009FA-0B09-4F27-8126-0885E66A5679}.Release Setup|32-bit.Build.0 = Release|Any CPU
		{3B7009FA-0B09-4F27-8126-0885E66A5679}.Release Setup|64-bit.ActiveCfg = Release|Any CPU
		{3B7009FA-0B09-4F27-8126-0885E66A5679}.Release Setup|64-bit.Build.0 = Release|Any CPU
		{3B7009FA-0B09-4F27-8126-0885E66A5679}.Release Setup|x64.ActiveCfg = Release Signed|Any CPU
		{3B7009FA-0B09-4F27-8126-0885E66A5679}.Release Setup|x64.Build.0 = Release Signed|Any CPU
		{3B7009FA-0B09-4F27-8126-0885E66A5679}.Release Setup|x86.ActiveCfg = Release Signed|Any CPU
		{3B7009FA-0B09-4F27-8126-0885E66A5679}.Release Setup|x86.Build.0 = Release Signed|Any CPU
		{3B7009FA-0B09-4F27-8126-0885E66A5679}.Release|32-bit.ActiveCfg = Release|Any CPU
		{3B7009FA-0B09-4F27-8126-0885E66A5679}.Release|64-bit.ActiveCfg = Release|Any CPU
		{3B7009FA-0B09-4F27-8126-0885E66A5679}.Release|x64.ActiveCfg = Release|Any CPU
		{3B7009FA-0B09-4F27-8126-0885E66A5679}.Release|x64.Build.0 = Release|Any CPU
		{3B7009FA-0B09-4F27-8126-0885E66A5679}.Release|x86.ActiveCfg = Release|Any CPU
		{3B7009FA-0B09-4F27-8126-0885E66A5679}.Release|x86.Build.0 = Release|Any CPU
		{79F676AF-1A25-49BB-9549-E533D162FB0A}.Debug App|32-bit.ActiveCfg = Debug|Win32
		{79F676AF-1A25-49BB-9549-E533D162FB0A}.Debug App|32-bit.Build.0 = Debug|Win32
		{79F676AF-1A25-49BB-9549-E533D162FB0A}.Debug App|64-bit.ActiveCfg = Debug|x64
		{79F676AF-1A25-49BB-9549-E533D162FB0A}.Debug App|64-bit.Build.0 = Debug|x64
		{79F676AF-1A25-49BB-9549-E533D162FB0A}.Debug App|x64.ActiveCfg = Debug|x64
		{79F676AF-1A25-49BB-9549-E533D162FB0A}.Debug App|x64.Build.0 = Debug|x64
		{79F676AF-1A25-49BB-9549-E533D162FB0A}.Debug App|x86.ActiveCfg = Debug|Win32
		{79F676AF-1A25-49BB-9549-E533D162FB0A}.Debug App|x86.Build.0 = Debug|Win32
		{79F676AF-1A25-49BB-9549-E533D162FB0A}.Debug Setup|32-bit.ActiveCfg = Debug|Win32
		{79F676AF-1A25-49BB-9549-E533D162FB0A}.Debug Setup|64-bit.ActiveCfg = Debug|x64
		{79F676AF-1A25-49BB-9549-E533D162FB0A}.Debug Setup|x64.ActiveCfg = Debug|x64
		{79F676AF-1A25-49BB-9549-E533D162FB0A}.Debug Setup|x64.Build.0 = Debug|x64
		{79F676AF-1A25-49BB-9549-E533D162FB0A}.Debug Setup|x86.ActiveCfg = Debug|Win32
		{79F676AF-1A25-49BB-9549-E533D162FB0A}.Debug Setup|x86.Build.0 = Debug|Win32
		{79F676AF-1A25-49BB-9549-E533D162FB0A}.Debug|32-bit.ActiveCfg = Debug|Win32
		{79F676AF-1A25-49BB-9549-E533D162FB0A}.Debug|32-bit.Build.0 = Debug|Win32
		{79F676AF-1A25-49BB-9549-E533D162FB0A}.Debug|64-bit.ActiveCfg = Debug|x64
		{79F676AF-1A25-49BB-9549-E533D162FB0A}.Debug|64-bit.Build.0 = Debug|x64
		{79F676AF-1A25-49BB-9549-E533D162FB0A}.Debug|x64.ActiveCfg = Debug|x64
		{79F676AF-1A25-49BB-9549-E533D162FB0A}.Debug|x64.Build.0 = Debug|x64
		{79F676AF-1A25-49BB-9549-E533D162FB0A}.Debug|x86.ActiveCfg = Debug|Win32
		{79F676AF-1A25-49BB-9549-E533D162FB0A}.Debug|x86.Build.0 = Debug|Win32
		{79F676AF-1A25-49BB-9549-E533D162FB0A}.Development|32-bit.ActiveCfg = Debug|x64
		{79F676AF-1A25-49BB-9549-E533D162FB0A}.Development|32-bit.Build.0 = Debug|x64
		{79F676AF-1A25-49BB-9549-E533D162FB0A}.Development|64-bit.ActiveCfg = Debug|x64
		{79F676AF-1A25-49BB-9549-E533D162FB0A}.Development|64-bit.Build.0 = Debug|x64
		{79F676AF-1A25-49BB-9549-E533D162FB0A}.Development|x64.ActiveCfg = Debug|x64
		{79F676AF-1A25-49BB-9549-E533D162FB0A}.Development|x64.Build.0 = Debug|x64
		{79F676AF-1A25-49BB-9549-E533D162FB0A}.Development|x86.ActiveCfg = Debug|Win32
		{79F676AF-1A25-49BB-9549-E533D162FB0A}.Development|x86.Build.0 = Debug|Win32
		{79F676AF-1A25-49BB-9549-E533D162FB0A}.Release Setup|32-bit.ActiveCfg = Release|Win32
		{79F676AF-1A25-49BB-9549-E533D162FB0A}.Release Setup|64-bit.ActiveCfg = Release|x64
		{79F676AF-1A25-49BB-9549-E533D162FB0A}.Release Setup|x64.ActiveCfg = Release|x64
		{79F676AF-1A25-49BB-9549-E533D162FB0A}.Release Setup|x64.Build.0 = Release|x64
		{79F676AF-1A25-49BB-9549-E533D162FB0A}.Release Setup|x86.ActiveCfg = Release|Win32
		{79F676AF-1A25-49BB-9549-E533D162FB0A}.Release Setup|x86.Build.0 = Release|Win32
		{79F676AF-1A25-49BB-9549-E533D162FB0A}.Release|32-bit.ActiveCfg = Release|Win32
		{79F676AF-1A25-49BB-9549-E533D162FB0A}.Release|32-bit.Build.0 = Release|Win32
		{79F676AF-1A25-49BB-9549-E533D162FB0A}.Release|64-bit.ActiveCfg = Release|x64
		{79F676AF-1A25-49BB-9549-E533D162FB0A}.Release|64-bit.Build.0 = Release|x64
		{79F676AF-1A25-49BB-9549-E533D162FB0A}.Release|x64.ActiveCfg = Release|x64
		{79F676AF-1A25-49BB-9549-E533D162FB0A}.Release|x64.Build.0 = Release|x64
		{79F676AF-1A25-49BB-9549-E533D162FB0A}.Release|x86.ActiveCfg = Release|Win32
		{79F676AF-1A25-49BB-9549-E533D162FB0A}.Release|x86.Build.0 = Release|Win32
		{09C0D610-9B82-40D8-B37E-0D26E3BFF77F}.Debug App|32-bit.ActiveCfg = Debug|Win32
		{09C0D610-9B82-40D8-B37E-0D26E3BFF77F}.Debug App|32-bit.Build.0 = Debug|Win32
		{09C0D610-9B82-40D8-B37E-0D26E3BFF77F}.Debug App|64-bit.ActiveCfg = Debug|x64
		{09C0D610-9B82-40D8-B37E-0D26E3BFF77F}.Debug App|64-bit.Build.0 = Debug|x64
		{09C0D610-9B82-40D8-B37E-0D26E3BFF77F}.Debug App|x64.ActiveCfg = Debug|x64
		{09C0D610-9B82-40D8-B37E-0D26E3BFF77F}.Debug App|x64.Build.0 = Debug|x64
		{09C0D610-9B82-40D8-B37E-0D26E3BFF77F}.Debug App|x86.ActiveCfg = Debug|Win32
		{09C0D610-9B82-40D8-B37E-0D26E3BFF77F}.Debug App|x86.Build.0 = Debug|Win32
		{09C0D610-9B82-40D8-B37E-0D26E3BFF77F}.Debug Setup|32-bit.ActiveCfg = Debug|Win32
		{09C0D610-9B82-40D8-B37E-0D26E3BFF77F}.Debug Setup|64-bit.ActiveCfg = Debug|x64
		{09C0D610-9B82-40D8-B37E-0D26E3BFF77F}.Debug Setup|x64.ActiveCfg = Debug|x64
		{09C0D610-9B82-40D8-B37E-0D26E3BFF77F}.Debug Setup|x64.Build.0 = Debug|x64
		{09C0D610-9B82-40D8-B37E-0D26E3BFF77F}.Debug Setup|x86.ActiveCfg = Debug|Win32
		{09C0D610-9B82-40D8-B37E-0D26E3BFF77F}.Debug Setup|x86.Build.0 = Debug|Win32
		{09C0D610-9B82-40D8-B37E-0D26E3BFF77F}.Debug|32-bit.ActiveCfg = Debug|Win32
		{09C0D610-9B82-40D8-B37E-0D26E3BFF77F}.Debug|32-bit.Build.0 = Debug|Win32
		{09C0D610-9B82-40D8-B37E-0D26E3BFF77F}.Debug|64-bit.ActiveCfg = Debug|x64
		{09C0D610-9B82-40D8-B37E-0D26E3BFF77F}.Debug|64-bit.Build.0 = Debug|x64
		{09C0D610-9B82-40D8-B37E-0D26E3BFF77F}.Debug|x64.ActiveCfg = Debug|x64
		{09C0D610-9B82-40D8-B37E-0D26E3BFF77F}.Debug|x64.Build.0 = Debug|x64
		{09C0D610-9B82-40D8-B37E-0D26E3BFF77F}.Debug|x86.ActiveCfg = Debug|Win32
		{09C0D610-9B82-40D8-B37E-0D26E3BFF77F}.Debug|x86.Build.0 = Debug|Win32
		{09C0D610-9B82-40D8-B37E-0D26E3BFF77F}.Development|32-bit.ActiveCfg = Debug|x64
		{09C0D610-9B82-40D8-B37E-0D26E3BFF77F}.Development|32-bit.Build.0 = Debug|x64
		{09C0D610-9B82-40D8-B37E-0D26E3BFF77F}.Development|64-bit.ActiveCfg = Debug|x64
		{09C0D610-9B82-40D8-B37E-0D26E3BFF77F}.Development|64-bit.Build.0 = Debug|x64
		{09C0D610-9B82-40D8-B37E-0D26E3BFF77F}.Development|x64.ActiveCfg = Debug|x64
		{09C0D610-9B82-40D8-B37E-0D26E3BFF77F}.Development|x64.Build.0 = Debug|x64
		{09C0D610-9B82-40D8-B37E-0D26E3BFF77F}.Development|x86.ActiveCfg = Debug|Win32
		{09C0D610-9B82-40D8-B37E-0D26E3BFF77F}.Development|x86.Build.0 = Debug|Win32
		{09C0D610-9B82-40D8-B37E-0D26E3BFF77F}.Release Setup|32-bit.ActiveCfg = Release|Win32
		{09C0D610-9B82-40D8-B37E-0D26E3BFF77F}.Release Setup|64-bit.ActiveCfg = Release|x64
		{09C0D610-9B82-40D8-B37E-0D26E3BFF77F}.Release Setup|x64.ActiveCfg = Release|x64
		{09C0D610-9B82-40D8-B37E-0D26E3BFF77F}.Release Setup|x64.Build.0 = Release|x64
		{09C0D610-9B82-40D8-B37E-0D26E3BFF77F}.Release Setup|x86.ActiveCfg = Release|Win32
		{09C0D610-9B82-40D8-B37E-0D26E3BFF77F}.Release Setup|x86.Build.0 = Release|Win32
		{09C0D610-9B82-40D8-B37E-0D26E3BFF77F}.Release|32-bit.ActiveCfg = Release|Win32
		{09C0D610-9B82-40D8-B37E-0D26E3BFF77F}.Release|32-bit.Build.0 = Release|Win32
		{09C0D610-9B82-40D8-B37E-0D26E3BFF77F}.Release|64-bit.ActiveCfg = Release|x64
		{09C0D610-9B82-40D8-B37E-0D26E3BFF77F}.Release|64-bit.Build.0 = Release|x64
		{09C0D610-9B82-40D8-B37E-0D26E3BFF77F}.Release|x64.ActiveCfg = Release|x64
		{09C0D610-9B82-40D8-B37E-0D26E3BFF77F}.Release|x64.Build.0 = Release|x64
		{09C0D610-9B82-40D8-B37E-0D26E3BFF77F}.Release|x86.ActiveCfg = Release|Win32
		{09C0D610-9B82-40D8-B37E-0D26E3BFF77F}.Release|x86.Build.0 = Release|Win32
		{9A62233B-0B70-4B48-91E8-35AA666BC32E}.Debug App|32-bit.ActiveCfg = Debug|Win32
		{9A62233B-0B70-4B48-91E8-35AA666BC32E}.Debug App|32-bit.Build.0 = Debug|Win32
		{9A62233B-0B70-4B48-91E8-35AA666BC32E}.Debug App|64-bit.ActiveCfg = Debug|x64
		{9A62233B-0B70-4B48-91E8-35AA666BC32E}.Debug App|64-bit.Build.0 = Debug|x64
		{9A62233B-0B70-4B48-91E8-35AA666BC32E}.Debug App|x64.ActiveCfg = Debug|x64
		{9A62233B-0B70-4B48-91E8-35AA666BC32E}.Debug App|x64.Build.0 = Debug|x64
		{9A62233B-0B70-4B48-91E8-35AA666BC32E}.Debug App|x86.ActiveCfg = Debug|Win32
		{9A62233B-0B70-4B48-91E8-35AA666BC32E}.Debug App|x86.Build.0 = Debug|Win32
		{9A62233B-0B70-4B48-91E8-35AA666BC32E}.Debug Setup|32-bit.ActiveCfg = Debug|Win32
		{9A62233B-0B70-4B48-91E8-35AA666BC32E}.Debug Setup|64-bit.ActiveCfg = Debug|x64
		{9A62233B-0B70-4B48-91E8-35AA666BC32E}.Debug Setup|x64.ActiveCfg = Debug|x64
		{9A62233B-0B70-4B48-91E8-35AA666BC32E}.Debug Setup|x64.Build.0 = Debug|x64
		{9A62233B-0B70-4B48-91E8-35AA666BC32E}.Debug Setup|x86.ActiveCfg = Debug|Win32
		{9A62233B-0B70-4B48-91E8-35AA666BC32E}.Debug Setup|x86.Build.0 = Debug|Win32
		{9A62233B-0B70-4B48-91E8-35AA666BC32E}.Debug|32-bit.ActiveCfg = Debug|Win32
		{9A62233B-0B70-4B48-91E8-35AA666BC32E}.Debug|32-bit.Build.0 = Debug|Win32
		{9A62233B-0B70-4B48-91E8-35AA666BC32E}.Debug|64-bit.ActiveCfg = Debug|x64
		{9A62233B-0B70-4B48-91E8-35AA666BC32E}.Debug|64-bit.Build.0 = Debug|x64
		{9A62233B-0B70-4B48-91E8-35AA666BC32E}.Debug|x64.ActiveCfg = Debug|x64
		{9A62233B-0B70-4B48-91E8-35AA666BC32E}.Debug|x64.Build.0 = Debug|x64
		{9A62233B-0B70-4B48-91E8-35AA666BC32E}.Debug|x86.ActiveCfg = Debug|Win32
		{9A62233B-0B70-4B48-91E8-35AA666BC32E}.Debug|x86.Build.0 = Debug|Win32
		{9A62233B-0B70-4B48-91E8-35AA666BC32E}.Development|32-bit.ActiveCfg = Debug|x64
		{9A62233B-0B70-4B48-91E8-35AA666BC32E}.Development|32-bit.Build.0 = Debug|x64
		{9A62233B-0B70-4B48-91E8-35AA666BC32E}.Development|64-bit.ActiveCfg = Debug|x64
		{9A62233B-0B70-4B48-91E8-35AA666BC32E}.Development|64-bit.Build.0 = Debug|x64
		{9A62233B-0B70-4B48-91E8-35AA666BC32E}.Development|x64.ActiveCfg = Debug|x64
		{9A62233B-0B70-4B48-91E8-35AA666BC32E}.Development|x64.Build.0 = Debug|x64
		{9A62233B-0B70-4B48-91E8-35AA666BC32E}.Development|x86.ActiveCfg = Debug|Win32
		{9A62233B-0B70-4B48-91E8-35AA666BC32E}.Development|x86.Build.0 = Debug|Win32
		{9A62233B-0B70-4B48-91E8-35AA666BC32E}.Release Setup|32-bit.ActiveCfg = Release|Win32
		{9A62233B-0B70-4B48-91E8-35AA666BC32E}.Release Setup|64-bit.ActiveCfg = Release|x64
		{9A62233B-0B70-4B48-91E8-35AA666BC32E}.Release Setup|x64.ActiveCfg = Release|x64
		{9A62233B-0B70-4B48-91E8-35AA666BC32E}.Release Setup|x64.Build.0 = Release|x64
		{9A62233B-0B70-4B48-91E8-35AA666BC32E}.Release Setup|x86.ActiveCfg = Release|Win32
		{9A62233B-0B70-4B48-91E8-35AA666BC32E}.Release Setup|x86.Build.0 = Release|Win32
		{9A62233B-0B70-4B48-91E8-35AA666BC32E}.Release|32-bit.ActiveCfg = Release|Win32
		{9A62233B-0B70-4B48-91E8-35AA666BC32E}.Release|32-bit.Build.0 = Release|Win32
		{9A62233B-0B70-4B48-91E8-35AA666BC32E}.Release|64-bit.ActiveCfg = Release|x64
		{9A62233B-0B70-4B48-91E8-35AA666BC32E}.Release|64-bit.Build.0 = Release|x64
		{9A62233B-0B70-4B48-91E8-35AA666BC32E}.Release|x64.ActiveCfg = Release|x64
		{9A62233B-0B70-4B48-91E8-35AA666BC32E}.Release|x64.Build.0 = Release|x64
		{9A62233B-0B70-4B48-91E8-35AA666BC32E}.Release|x86.ActiveCfg = Release|Win32
		{9A62233B-0B70-4B48-91E8-35AA666BC32E}.Release|x86.Build.0 = Release|Win32
		{783FEDFB-5124-4F8C-87BC-70AA8490266B}.Debug App|32-bit.ActiveCfg = Debug|Win32
		{783FEDFB-5124-4F8C-87BC-70AA8490266B}.Debug App|32-bit.Build.0 = Debug|Win32
		{783FEDFB-5124-4F8C-87BC-70AA8490266B}.Debug App|64-bit.ActiveCfg = Debug|x64
		{783FEDFB-5124-4F8C-87BC-70AA8490266B}.Debug App|64-bit.Build.0 = Debug|x64
		{783FEDFB-5124-4F8C-87BC-70AA8490266B}.Debug App|x64.ActiveCfg = Debug|x64
		{783FEDFB-5124-4F8C-87BC-70AA8490266B}.Debug App|x64.Build.0 = Debug|x64
		{783FEDFB-5124-4F8C-87BC-70AA8490266B}.Debug App|x86.ActiveCfg = Debug|Win32
		{783FEDFB-5124-4F8C-87BC-70AA8490266B}.Debug App|x86.Build.0 = Debug|Win32
		{783FEDFB-5124-4F8C-87BC-70AA8490266B}.Debug Setup|32-bit.ActiveCfg = Debug|Win32
		{783FEDFB-5124-4F8C-87BC-70AA8490266B}.Debug Setup|64-bit.ActiveCfg = Debug|x64
		{783FEDFB-5124-4F8C-87BC-70AA8490266B}.Debug Setup|x64.ActiveCfg = Debug|x64
		{783FEDFB-5124-4F8C-87BC-70AA8490266B}.Debug Setup|x64.Build.0 = Debug|x64
		{783FEDFB-5124-4F8C-87BC-70AA8490266B}.Debug Setup|x86.ActiveCfg = Debug|Win32
		{783FEDFB-5124-4F8C-87BC-70AA8490266B}.Debug Setup|x86.Build.0 = Debug|Win32
		{783FEDFB-5124-4F8C-87BC-70AA8490266B}.Debug|32-bit.ActiveCfg = Debug|Win32
		{783FEDFB-5124-4F8C-87BC-70AA8490266B}.Debug|32-bit.Build.0 = Debug|Win32
		{783FEDFB-5124-4F8C-87BC-70AA8490266B}.Debug|64-bit.ActiveCfg = Debug|x64
		{783FEDFB-5124-4F8C-87BC-70AA8490266B}.Debug|64-bit.Build.0 = Debug|x64
		{783FEDFB-5124-4F8C-87BC-70AA8490266B}.Debug|x64.ActiveCfg = Debug|x64
		{783FEDFB-5124-4F8C-87BC-70AA8490266B}.Debug|x64.Build.0 = Debug|x64
		{783FEDFB-5124-4F8C-87BC-70AA8490266B}.Debug|x86.ActiveCfg = Debug|Win32
		{783FEDFB-5124-4F8C-87BC-70AA8490266B}.Debug|x86.Build.0 = Debug|Win32
		{783FEDFB-5124-4F8C-87BC-70AA8490266B}.Development|32-bit.ActiveCfg = Debug|x64
		{783FEDFB-5124-4F8C-87BC-70AA8490266B}.Development|32-bit.Build.0 = Debug|x64
		{783FEDFB-5124-4F8C-87BC-70AA8490266B}.Development|64-bit.ActiveCfg = Debug|x64
		{783FEDFB-5124-4F8C-87BC-70AA8490266B}.Development|64-bit.Build.0 = Debug|x64
		{783FEDFB-5124-4F8C-87BC-70AA8490266B}.Development|x64.ActiveCfg = Debug|x64
		{783FEDFB-5124-4F8C-87BC-70AA8490266B}.Development|x64.Build.0 = Debug|x64
		{783FEDFB-5124-4F8C-87BC-70AA8490266B}.Development|x86.ActiveCfg = Debug|Win32
		{783FEDFB-5124-4F8C-87BC-70AA8490266B}.Development|x86.Build.0 = Debug|Win32
		{783FEDFB-5124-4F8C-87BC-70AA8490266B}.Release Setup|32-bit.ActiveCfg = Release|Win32
		{783FEDFB-5124-4F8C-87BC-70AA8490266B}.Release Setup|64-bit.ActiveCfg = Release|x64
		{783FEDFB-5124-4F8C-87BC-70AA8490266B}.Release Setup|x64.ActiveCfg = Release|x64
		{783FEDFB-5124-4F8C-87BC-70AA8490266B}.Release Setup|x64.Build.0 = Release|x64
		{783FEDFB-5124-4F8C-87BC-70AA8490266B}.Release Setup|x86.ActiveCfg = Release|Win32
		{783FEDFB-5124-4F8C-87BC-70AA8490266B}.Release Setup|x86.Build.0 = Release|Win32
		{783FEDFB-5124-4F8C-87BC-70AA8490266B}.Release|32-bit.ActiveCfg = Release|Win32
		{783FEDFB-5124-4F8C-87BC-70AA8490266B}.Release|32-bit.Build.0 = Release|Win32
		{783FEDFB-5124-4F8C-87BC-70AA8490266B}.Release|64-bit.ActiveCfg = Release|x64
		{783FEDFB-5124-4F8C-87BC-70AA8490266B}.Release|64-bit.Build.0 = Release|x64
		{783FEDFB-5124-4F8C-87BC-70AA8490266B}.Release|x64.ActiveCfg = Release|x64
		{783FEDFB-5124-4F8C-87BC-70AA8490266B}.Release|x64.Build.0 = Release|x64
		{783FEDFB-5124-4F8C-87BC-70AA8490266B}.Release|x86.ActiveCfg = Release|Win32
		{783FEDFB-5124-4F8C-87BC-70AA8490266B}.Release|x86.Build.0 = Release|Win32
		{723BDEF8-4A39-4961-BDAB-54074012FF47}.Debug App|32-bit.ActiveCfg = Debug|Win32
		{723BDEF8-4A39-4961-BDAB-54074012FF47}.Debug App|32-bit.Build.0 = Debug|Win32
		{723BDEF8-4A39-4961-BDAB-54074012FF47}.Debug App|64-bit.ActiveCfg = Debug|x64
		{723BDEF8-4A39-4961-BDAB-54074012FF47}.Debug App|64-bit.Build.0 = Debug|x64
		{723BDEF8-4A39-4961-BDAB-54074012FF47}.Debug App|x64.ActiveCfg = Debug|x64
		{723BDEF8-4A39-4961-BDAB-54074012FF47}.Debug App|x64.Build.0 = Debug|x64
		{723BDEF8-4A39-4961-BDAB-54074012FF47}.Debug App|x86.ActiveCfg = Debug|Win32
		{723BDEF8-4A39-4961-BDAB-54074012FF47}.Debug App|x86.Build.0 = Debug|Win32
		{723BDEF8-4A39-4961-BDAB-54074012FF47}.Debug Setup|32-bit.ActiveCfg = Debug|Win32
		{723BDEF8-4A39-4961-BDAB-54074012FF47}.Debug Setup|64-bit.ActiveCfg = Debug|x64
		{723BDEF8-4A39-4961-BDAB-54074012FF47}.Debug Setup|x64.ActiveCfg = Debug|x64
		{723BDEF8-4A39-4961-BDAB-54074012FF47}.Debug Setup|x64.Build.0 = Debug|x64
		{723BDEF8-4A39-4961-BDAB-54074012FF47}.Debug Setup|x86.ActiveCfg = Debug|Win32
		{723BDEF8-4A39-4961-BDAB-54074012FF47}.Debug Setup|x86.Build.0 = Debug|Win32
		{723BDEF8-4A39-4961-BDAB-54074012FF47}.Debug|32-bit.ActiveCfg = Debug|Win32
		{723BDEF8-4A39-4961-BDAB-54074012FF47}.Debug|32-bit.Build.0 = Debug|Win32
		{723BDEF8-4A39-4961-BDAB-54074012FF47}.Debug|64-bit.ActiveCfg = Debug|x64
		{723BDEF8-4A39-4961-BDAB-54074012FF47}.Debug|64-bit.Build.0 = Debug|x64
		{723BDEF8-4A39-4961-BDAB-54074012FF47}.Debug|x64.ActiveCfg = Debug|x64
		{723BDEF8-4A39-4961-BDAB-54074012FF47}.Debug|x64.Build.0 = Debug|x64
		{723BDEF8-4A39-4961-BDAB-54074012FF47}.Debug|x86.ActiveCfg = Debug|Win32
		{723BDEF8-4A39-4961-BDAB-54074012FF47}.Debug|x86.Build.0 = Debug|Win32
		{723BDEF8-4A39-4961-BDAB-54074012FF47}.Development|32-bit.ActiveCfg = Debug|x64
		{723BDEF8-4A39-4961-BDAB-54074012FF47}.Development|32-bit.Build.0 = Debug|x64
		{723BDEF8-4A39-4961-BDAB-54074012FF47}.Development|64-bit.ActiveCfg = Debug|x64
		{723BDEF8-4A39-4961-BDAB-54074012FF47}.Development|64-bit.Build.0 = Debug|x64
		{723BDEF8-4A39-4961-BDAB-54074012FF47}.Development|x64.ActiveCfg = Debug|x64
		{723BDEF8-4A39-4961-BDAB-54074012FF47}.Development|x64.Build.0 = Debug|x64
		{723BDEF8-4A39-4961-BDAB-54074012FF47}.Development|x86.ActiveCfg = Debug|Win32
		{723BDEF8-4A39-4961-BDAB-54074012FF47}.Development|x86.Build.0 = Debug|Win32
		{723BDEF8-4A39-4961-BDAB-54074012FF47}.Release Setup|32-bit.ActiveCfg = Release|Win32
		{723BDEF8-4A39-4961-BDAB-54074012FF47}.Release Setup|64-bit.ActiveCfg = Release|x64
		{723BDEF8-4A39-4961-BDAB-54074012FF47}.Release Setup|x64.ActiveCfg = Release|x64
		{723BDEF8-4A39-4961-BDAB-54074012FF47}.Release Setup|x64.Build.0 = Release|x64
		{723BDEF8-4A39-4961-BDAB-54074012FF47}.Release Setup|x86.ActiveCfg = Release|Win32
		{723BDEF8-4A39-4961-BDAB-54074012FF47}.Release Setup|x86.Build.0 = Release|Win32
		{723BDEF8-4A39-4961-BDAB-54074012FF47}.Release|32-bit.ActiveCfg = Release|Win32
		{723BDEF8-4A39-4961-BDAB-54074012FF47}.Release|32-bit.Build.0 = Release|Win32
		{723BDEF8-4A39-4961-BDAB-54074012FF47}.Release|64-bit.ActiveCfg = Release|x64
		{723BDEF8-4A39-4961-BDAB-54074012FF47}.Release|64-bit.Build.0 = Release|x64
		{723BDEF8-4A39-4961-BDAB-54074012FF47}.Release|x64.ActiveCfg = Release|x64
		{723BDEF8-4A39-4961-BDAB-54074012FF47}.Release|x64.Build.0 = Release|x64
		{723BDEF8-4A39-4961-BDAB-54074012FF47}.Release|x86.ActiveCfg = Release|Win32
		{723BDEF8-4A39-4961-BDAB-54074012FF47}.Release|x86.Build.0 = Release|Win32
		{65640687-0740-4681-B018-17DBF33E061C}.Debug App|32-bit.ActiveCfg = Debug|Win32
		{65640687-0740-4681-B018-17DBF33E061C}.Debug App|64-bit.ActiveCfg = Debug|x64
		{65640687-0740-4681-B018-17DBF33E061C}.Debug App|x64.ActiveCfg = Debug|x64
		{65640687-0740-4681-B018-17DBF33E061C}.Debug App|x64.Build.0 = Debug|x64
		{65640687-0740-4681-B018-17DBF33E061C}.Debug App|x86.ActiveCfg = Debug|Win32
		{65640687-0740-4681-B018-17DBF33E061C}.Debug App|x86.Build.0 = Debug|Win32
		{65640687-0740-4681-B018-17DBF33E061C}.Debug Setup|32-bit.ActiveCfg = Debug|Win32
		{65640687-0740-4681-B018-17DBF33E061C}.Debug Setup|64-bit.ActiveCfg = Debug|x64
		{65640687-0740-4681-B018-17DBF33E061C}.Debug Setup|x64.ActiveCfg = Debug|x64
		{65640687-0740-4681-B018-17DBF33E061C}.Debug Setup|x64.Build.0 = Debug|x64
		{65640687-0740-4681-B018-17DBF33E061C}.Debug Setup|x86.ActiveCfg = Debug|Win32
		{65640687-0740-4681-B018-17DBF33E061C}.Debug Setup|x86.Build.0 = Debug|Win32
		{65640687-0740-4681-B018-17DBF33E061C}.Debug|32-bit.ActiveCfg = Debug|Win32
		{65640687-0740-4681-B018-17DBF33E061C}.Debug|32-bit.Build.0 = Debug|Win32
		{65640687-0740-4681-B018-17DBF33E061C}.Debug|64-bit.ActiveCfg = Debug|x64
		{65640687-0740-4681-B018-17DBF33E061C}.Debug|64-bit.Build.0 = Debug|x64
		{65640687-0740-4681-B018-17DBF33E061C}.Debug|x64.ActiveCfg = Debug|x64
		{65640687-0740-4681-B018-17DBF33E061C}.Debug|x64.Build.0 = Debug|x64
		{65640687-0740-4681-B018-17DBF33E061C}.Debug|x86.ActiveCfg = Debug|Win32
		{65640687-0740-4681-B018-17DBF33E061C}.Debug|x86.Build.0 = Debug|Win32
		{65640687-0740-4681-B018-17DBF33E061C}.Development|32-bit.ActiveCfg = Debug|x64
		{65640687-0740-4681-B018-17DBF33E061C}.Development|32-bit.Build.0 = Debug|x64
		{65640687-0740-4681-B018-17DBF33E061C}.Development|64-bit.ActiveCfg = Debug|x64
		{65640687-0740-4681-B018-17DBF33E061C}.Development|64-bit.Build.0 = Debug|x64
		{65640687-0740-4681-B018-17DBF33E061C}.Development|x64.ActiveCfg = Debug|x64
		{65640687-0740-4681-B018-17DBF33E061C}.Development|x64.Build.0 = Debug|x64
		{65640687-0740-4681-B018-17DBF33E061C}.Development|x86.ActiveCfg = Debug|Win32
		{65640687-0740-4681-B018-17DBF33E061C}.Development|x86.Build.0 = Debug|Win32
		{65640687-0740-4681-B018-17DBF33E061C}.Release Setup|32-bit.ActiveCfg = Release|Win32
		{65640687-0740-4681-B018-17DBF33E061C}.Release Setup|64-bit.ActiveCfg = Release|x64
		{65640687-0740-4681-B018-17DBF33E061C}.Release Setup|x64.ActiveCfg = Release|x64
		{65640687-0740-4681-B018-17DBF33E061C}.Release Setup|x64.Build.0 = Release|x64
		{65640687-0740-4681-B018-17DBF33E061C}.Release Setup|x86.ActiveCfg = Release|Win32
		{65640687-0740-4681-B018-17DBF33E061C}.Release Setup|x86.Build.0 = Release|Win32
		{65640687-0740-4681-B018-17DBF33E061C}.Release|32-bit.ActiveCfg = Release|Win32
		{65640687-0740-4681-B018-17DBF33E061C}.Release|32-bit.Build.0 = Release|Win32
		{65640687-0740-4681-B018-17DBF33E061C}.Release|64-bit.ActiveCfg = Release|x64
		{65640687-0740-4681-B018-17DBF33E061C}.Release|64-bit.Build.0 = Release|x64
		{65640687-0740-4681-B018-17DBF33E061C}.Release|x64.ActiveCfg = Release|x64
		{65640687-0740-4681-B018-17DBF33E061C}.Release|x64.Build.0 = Release|x64
		{65640687-0740-4681-B018-17DBF33E061C}.Release|x86.ActiveCfg = Release|Win32
		{65640687-0740-4681-B018-17DBF33E061C}.Release|x86.Build.0 = Release|Win32
		{D388A856-4100-49AB-8FAF-62D63F8AC155}.Debug App|32-bit.ActiveCfg = Debug|Win32
		{D388A856-4100-49AB-8FAF-62D63F8AC155}.Debug App|64-bit.ActiveCfg = Debug|x64
		{D388A856-4100-49AB-8FAF-62D63F8AC155}.Debug App|x64.ActiveCfg = Debug|x64
		{D388A856-4100-49AB-8FAF-62D63F8AC155}.Debug App|x64.Build.0 = Debug|x64
		{D388A856-4100-49AB-8FAF-62D63F8AC155}.Debug App|x86.ActiveCfg = Debug|Win32
		{D388A856-4100-49AB-8FAF-62D63F8AC155}.Debug App|x86.Build.0 = Debug|Win32
		{D388A856-4100-49AB-8FAF-62D63F8AC155}.Debug Setup|32-bit.ActiveCfg = Debug|Win32
		{D388A856-4100-49AB-8FAF-62D63F8AC155}.Debug Setup|64-bit.ActiveCfg = Debug|x64
		{D388A856-4100-49AB-8FAF-62D63F8AC155}.Debug Setup|x64.ActiveCfg = Debug|x64
		{D388A856-4100-49AB-8FAF-62D63F8AC155}.Debug Setup|x64.Build.0 = Debug|x64
		{D388A856-4100-49AB-8FAF-62D63F8AC155}.Debug Setup|x86.ActiveCfg = Debug|Win32
		{D388A856-4100-49AB-8FAF-62D63F8AC155}.Debug Setup|x86.Build.0 = Debug|Win32
		{D388A856-4100-49AB-8FAF-62D63F8AC155}.Debug|32-bit.ActiveCfg = Debug|Win32
		{D388A856-4100-49AB-8FAF-62D63F8AC155}.Debug|32-bit.Build.0 = Debug|Win32
		{D388A856-4100-49AB-8FAF-62D63F8AC155}.Debug|64-bit.ActiveCfg = Debug|x64
		{D388A856-4100-49AB-8FAF-62D63F8AC155}.Debug|64-bit.Build.0 = Debug|x64
		{D388A856-4100-49AB-8FAF-62D63F8AC155}.Debug|x64.ActiveCfg = Debug|x64
		{D388A856-4100-49AB-8FAF-62D63F8AC155}.Debug|x64.Build.0 = Debug|x64
		{D388A856-4100-49AB-8FAF-62D63F8AC155}.Debug|x86.ActiveCfg = Debug|Win32
		{D388A856-4100-49AB-8FAF-62D63F8AC155}.Debug|x86.Build.0 = Debug|Win32
		{D388A856-4100-49AB-8FAF-62D63F8AC155}.Development|32-bit.ActiveCfg = Debug|x64
		{D388A856-4100-49AB-8FAF-62D63F8AC155}.Development|32-bit.Build.0 = Debug|x64
		{D388A856-4100-49AB-8FAF-62D63F8AC155}.Development|64-bit.ActiveCfg = Debug|x64
		{D388A856-4100-49AB-8FAF-62D63F8AC155}.Development|64-bit.Build.0 = Debug|x64
		{D388A856-4100-49AB-8FAF-62D63F8AC155}.Development|x64.ActiveCfg = Debug|x64
		{D388A856-4100-49AB-8FAF-62D63F8AC155}.Development|x64.Build.0 = Debug|x64
		{D388A856-4100-49AB-8FAF-62D63F8AC155}.Development|x86.ActiveCfg = Debug|Win32
		{D388A856-4100-49AB-8FAF-62D63F8AC155}.Development|x86.Build.0 = Debug|Win32
		{D388A856-4100-49AB-8FAF-62D63F8AC155}.Release Setup|32-bit.ActiveCfg = Release|Win32
		{D388A856-4100-49AB-8FAF-62D63F8AC155}.Release Setup|64-bit.ActiveCfg = Release|x64
		{D388A856-4100-49AB-8FAF-62D63F8AC155}.Release Setup|x64.ActiveCfg = Release|x64
		{D388A856-4100-49AB-8FAF-62D63F8AC155}.Release Setup|x64.Build.0 = Release|x64
		{D388A856-4100-49AB-8FAF-62D63F8AC155}.Release Setup|x86.ActiveCfg = Release|Win32
		{D388A856-4100-49AB-8FAF-62D63F8AC155}.Release Setup|x86.Build.0 = Release|Win32
		{D388A856-4100-49AB-8FAF-62D63F8AC155}.Release|32-bit.ActiveCfg = Release|Win32
		{D388A856-4100-49AB-8FAF-62D63F8AC155}.Release|32-bit.Build.0 = Release|Win32
		{D388A856-4100-49AB-8FAF-62D63F8AC155}.Release|64-bit.ActiveCfg = Release|x64
		{D388A856-4100-49AB-8FAF-62D63F8AC155}.Release|64-bit.Build.0 = Release|x64
		{D388A856-4100-49AB-8FAF-62D63F8AC155}.Release|x64.ActiveCfg = Release|x64
		{D388A856-4100-49AB-8FAF-62D63F8AC155}.Release|x64.Build.0 = Release|x64
		{D388A856-4100-49AB-8FAF-62D63F8AC155}.Release|x86.ActiveCfg = Release|Win32
		{D388A856-4100-49AB-8FAF-62D63F8AC155}.Release|x86.Build.0 = Release|Win32
		{1C0381AE-F263-4412-A92C-34A244B05D12}.Debug App|32-bit.ActiveCfg = Debug|Win32
		{1C0381AE-F263-4412-A92C-34A244B05D12}.Debug App|32-bit.Build.0 = Debug|Win32
		{1C0381AE-F263-4412-A92C-34A244B05D12}.Debug App|64-bit.ActiveCfg = Debug|x64
		{1C0381AE-F263-4412-A92C-34A244B05D12}.Debug App|64-bit.Build.0 = Debug|x64
		{1C0381AE-F263-4412-A92C-34A244B05D12}.Debug App|x64.ActiveCfg = Debug|x64
		{1C0381AE-F263-4412-A92C-34A244B05D12}.Debug App|x64.Build.0 = Debug|x64
		{1C0381AE-F263-4412-A92C-34A244B05D12}.Debug App|x86.ActiveCfg = Debug|Win32
		{1C0381AE-F263-4412-A92C-34A244B05D12}.Debug App|x86.Build.0 = Debug|Win32
		{1C0381AE-F263-4412-A92C-34A244B05D12}.Debug Setup|32-bit.ActiveCfg = Debug|Win32
		{1C0381AE-F263-4412-A92C-34A244B05D12}.Debug Setup|64-bit.ActiveCfg = Debug|x64
		{1C0381AE-F263-4412-A92C-34A244B05D12}.Debug Setup|x64.ActiveCfg = Debug|x64
		{1C0381AE-F263-4412-A92C-34A244B05D12}.Debug Setup|x64.Build.0 = Debug|x64
		{1C0381AE-F263-4412-A92C-34A244B05D12}.Debug Setup|x86.ActiveCfg = Debug|Win32
		{1C0381AE-F263-4412-A92C-34A244B05D12}.Debug Setup|x86.Build.0 = Debug|Win32
		{1C0381AE-F263-4412-A92C-34A244B05D12}.Debug|32-bit.ActiveCfg = Debug|Win32
		{1C0381AE-F263-4412-A92C-34A244B05D12}.Debug|32-bit.Build.0 = Debug|Win32
		{1C0381AE-F263-4412-A92C-34A244B05D12}.Debug|64-bit.ActiveCfg = Debug|x64
		{1C0381AE-F263-4412-A92C-34A244B05D12}.Debug|64-bit.Build.0 = Debug|x64
		{1C0381AE-F263-4412-A92C-34A244B05D12}.Debug|x64.ActiveCfg = Debug|x64
		{1C0381AE-F263-4412-A92C-34A244B05D12}.Debug|x64.Build.0 = Debug|x64
		{1C0381AE-F263-4412-A92C-34A244B05D12}.Debug|x86.ActiveCfg = Debug|Win32
		{1C0381AE-F263-4412-A92C-34A244B05D12}.Debug|x86.Build.0 = Debug|Win32
		{1C0381AE-F263-4412-A92C-34A244B05D12}.Development|32-bit.ActiveCfg = Debug|x64
		{1C0381AE-F263-4412-A92C-34A244B05D12}.Development|32-bit.Build.0 = Debug|x64
		{1C0381AE-F263-4412-A92C-34A244B05D12}.Development|64-bit.ActiveCfg = Debug|x64
		{1C0381AE-F263-4412-A92C-34A244B05D12}.Development|64-bit.Build.0 = Debug|x64
		{1C0381AE-F263-4412-A92C-34A244B05D12}.Development|x64.ActiveCfg = Debug|x64
		{1C0381AE-F263-4412-A92C-34A244B05D12}.Development|x64.Build.0 = Debug|x64
		{1C0381AE-F263-4412-A92C-34A244B05D12}.Development|x86.ActiveCfg = Debug|Win32
		{1C0381AE-F263-4412-A92C-34A244B05D12}.Development|x86.Build.0 = Debug|Win32
		{1C0381AE-F263-4412-A92C-34A244B05D12}.Release Setup|32-bit.ActiveCfg = Debug|Win32
		{1C0381AE-F263-4412-A92C-34A244B05D12}.Release Setup|64-bit.ActiveCfg = Debug|x64
		{1C0381AE-F263-4412-A92C-34A244B05D12}.Release Setup|x64.ActiveCfg = Release|x64
		{1C0381AE-F263-4412-A92C-34A244B05D12}.Release Setup|x64.Build.0 = Release|x64
		{1C0381AE-F263-4412-A92C-34A244B05D12}.Release Setup|x86.ActiveCfg = Release|Win32
		{1C0381AE-F263-4412-A92C-34A244B05D12}.Release Setup|x86.Build.0 = Release|Win32
		{1C0381AE-F263-4412-A92C-34A244B05D12}.Release|32-bit.ActiveCfg = Release|Win32
		{1C0381AE-F263-4412-A92C-34A244B05D12}.Release|32-bit.Build.0 = Release|Win32
		{1C0381AE-F263-4412-A92C-34A244B05D12}.Release|64-bit.ActiveCfg = Release|x64
		{1C0381AE-F263-4412-A92C-34A244B05D12}.Release|64-bit.Build.0 = Release|x64
		{1C0381AE-F263-4412-A92C-34A244B05D12}.Release|x64.ActiveCfg = Release|x64
		{1C0381AE-F263-4412-A92C-34A244B05D12}.Release|x64.Build.0 = Release|x64
		{1C0381AE-F263-4412-A92C-34A244B05D12}.Release|x86.ActiveCfg = Release|Win32
		{1C0381AE-F263-4412-A92C-34A244B05D12}.Release|x86.Build.0 = Release|Win32
	EndGlobalSection
	GlobalSection(SolutionProperties) = preSolution
		HideSolutionNode = FALSE
	EndGlobalSection
	GlobalSection(NestedProjects) = preSolution
		{79F676AF-1A25-49BB-9549-E533D162FB0A} = {11B78243-91C3-4357-9FDD-4EAFBF4EE52B}
		{09C0D610-9B82-40D8-B37E-0D26E3BFF77F} = {11B78243-91C3-4357-9FDD-4EAFBF4EE52B}
		{9A62233B-0B70-4B48-91E8-35AA666BC32E} = {11B78243-91C3-4357-9FDD-4EAFBF4EE52B}
		{783FEDFB-5124-4F8C-87BC-70AA8490266B} = {11B78243-91C3-4357-9FDD-4EAFBF4EE52B}
		{723BDEF8-4A39-4961-BDAB-54074012FF47} = {11B78243-91C3-4357-9FDD-4EAFBF4EE52B}
		{65640687-0740-4681-B018-17DBF33E061C} = {EDA44797-8501-4D24-BF3F-CCE904412ED7}
		{D388A856-4100-49AB-8FAF-62D63F8AC155} = {EDA44797-8501-4D24-BF3F-CCE904412ED7}
	EndGlobalSection
	GlobalSection(ExtensibilityGlobals) = postSolution
		SolutionGuid = {D62E660A-3A0C-4026-8DCB-D3B7959E0951}
	EndGlobalSection
EndGlobal
